
Microsoft Visual Studio Solution File, Format Version 12.00
# Visual Studio 15
VisualStudioVersion = 15.0.28307.757
MinimumVisualStudioVersion = 10.0.40219.1
Project("{2150E333-8FDC-42A3-9474-1A3956D46DE8}") = "src", "src", "{746684D7-1E0B-49CA-815D-3F9B4E4C2E11}"
EndProject
Project("{2150E333-8FDC-42A3-9474-1A3956D46DE8}") = "tests", "tests", "{D3B7ED09-0178-4AFC-9F22-F7AFC5A491DE}"
EndProject
Project("{9A19103F-16F7-4668-BE54-9A1E7A4F7556}") = "Dixit.Server", "src\Dixit.Server\Dixit.Server.csproj", "{FAE17FEE-A884-41D5-9271-070D25D78A9A}"
EndProject
Project("{9A19103F-16F7-4668-BE54-9A1E7A4F7556}") = "Dixit.Infrastructure", "src\Dixit.Infrastructure\Dixit.Infrastructure.csproj", "{B23FECF6-EF02-46D0-A096-0C4D5A49C6AD}"
EndProject
Project("{9A19103F-16F7-4668-BE54-9A1E7A4F7556}") = "Dixit.Core", "src\Dixit.Core\Dixit.Core.csproj", "{9EEF025C-5E25-48ED-9555-548C01264C9E}"
EndProject
Project("{FAE04EC0-301F-11D3-BF4B-00C04F79EFBC}") = "Dixit.Tests", "tests\Dixit.Tests\Dixit.Tests.csproj", "{E72F67F1-5C68-471D-8D4D-EF1B7172B6BF}"
EndProject
Global
	GlobalSection(SolutionConfigurationPlatforms) = preSolution
		Debug|Any CPU = Debug|Any CPU
		Release|Any CPU = Release|Any CPU
	EndGlobalSection
	GlobalSection(ProjectConfigurationPlatforms) = postSolution
		{FAE17FEE-A884-41D5-9271-070D25D78A9A}.Debug|Any CPU.ActiveCfg = Debug|Any CPU
		{FAE17FEE-A884-41D5-9271-070D25D78A9A}.Debug|Any CPU.Build.0 = Debug|Any CPU
		{FAE17FEE-A884-41D5-9271-070D25D78A9A}.Release|Any CPU.ActiveCfg = Release|Any CPU
		{FAE17FEE-A884-41D5-9271-070D25D78A9A}.Release|Any CPU.Build.0 = Release|Any CPU
		{B23FECF6-EF02-46D0-A096-0C4D5A49C6AD}.Debug|Any CPU.ActiveCfg = Debug|Any CPU
		{B23FECF6-EF02-46D0-A096-0C4D5A49C6AD}.Debug|Any CPU.Build.0 = Debug|Any CPU
		{B23FECF6-EF02-46D0-A096-0C4D5A49C6AD}.Release|Any CPU.ActiveCfg = Release|Any CPU
		{B23FECF6-EF02-46D0-A096-0C4D5A49C6AD}.Release|Any CPU.Build.0 = Release|Any CPU
		{9EEF025C-5E25-48ED-9555-548C01264C9E}.Debug|Any CPU.ActiveCfg = Debug|Any CPU
		{9EEF025C-5E25-48ED-9555-548C01264C9E}.Debug|Any CPU.Build.0 = Debug|Any CPU
		{9EEF025C-5E25-48ED-9555-548C01264C9E}.Release|Any CPU.ActiveCfg = Release|Any CPU
		{9EEF025C-5E25-48ED-9555-548C01264C9E}.Release|Any CPU.Build.0 = Release|Any CPU
		{E72F67F1-5C68-471D-8D4D-EF1B7172B6BF}.Debug|Any CPU.ActiveCfg = Debug|Any CPU
		{E72F67F1-5C68-471D-8D4D-EF1B7172B6BF}.Debug|Any CPU.Build.0 = Debug|Any CPU
		{E72F67F1-5C68-471D-8D4D-EF1B7172B6BF}.Release|Any CPU.ActiveCfg = Release|Any CPU
		{E72F67F1-5C68-471D-8D4D-EF1B7172B6BF}.Release|Any CPU.Build.0 = Release|Any CPU
	EndGlobalSection
	GlobalSection(SolutionProperties) = preSolution
		HideSolutionNode = FALSE
	EndGlobalSection
	GlobalSection(NestedProjects) = preSolution
		{FAE17FEE-A884-41D5-9271-070D25D78A9A} = {746684D7-1E0B-49CA-815D-3F9B4E4C2E11}
		{B23FECF6-EF02-46D0-A096-0C4D5A49C6AD} = {746684D7-1E0B-49CA-815D-3F9B4E4C2E11}
		{9EEF025C-5E25-48ED-9555-548C01264C9E} = {746684D7-1E0B-49CA-815D-3F9B4E4C2E11}
		{E72F67F1-5C68-471D-8D4D-EF1B7172B6BF} = {D3B7ED09-0178-4AFC-9F22-F7AFC5A491DE}
	EndGlobalSection
	GlobalSection(ExtensibilityGlobals) = postSolution
		SolutionGuid = {7A3097E1-4EAB-4091-A527-40C54712EE52}
	EndGlobalSection
EndGlobal
